
Microsoft Visual Studio Solution File, Format Version 12.00
# Visual Studio 15
VisualStudioVersion = 15.0.28307.136
MinimumVisualStudioVersion = 10.0.40219.1
Project("{9A19103F-16F7-4668-BE54-9A1E7A4F7556}") = "Template_Program", "Template_Program.csproj", "{1E399B89-D992-4285-B72A-BEEC1CCF35C3}"
EndProject
Project("{FAE04EC0-301F-11D3-BF4B-00C04F79EFBC}") = "XUnitTestProject1", "..\XUnitTestProject1\XUnitTestProject1.csproj", "{498170D5-C99B-48BF-B110-3F540A78D6B0}"
EndProject
Global
	GlobalSection(SolutionConfigurationPlatforms) = preSolution
		Debug|Any CPU = Debug|Any CPU
		Release|Any CPU = Release|Any CPU
	EndGlobalSection
	GlobalSection(ProjectConfigurationPlatforms) = postSolution
		{1E399B89-D992-4285-B72A-BEEC1CCF35C3}.Debug|Any CPU.ActiveCfg = Debug|Any CPU
		{1E399B89-D992-4285-B72A-BEEC1CCF35C3}.Debug|Any CPU.Build.0 = Debug|Any CPU
		{1E399B89-D992-4285-B72A-BEEC1CCF35C3}.Release|Any CPU.ActiveCfg = Release|Any CPU
		{1E399B89-D992-4285-B72A-BEEC1CCF35C3}.Release|Any CPU.Build.0 = Release|Any CPU
		{498170D5-C99B-48BF-B110-3F540A78D6B0}.Debug|Any CPU.ActiveCfg = Debug|Any CPU
		{498170D5-C99B-48BF-B110-3F540A78D6B0}.Debug|Any CPU.Build.0 = Debug|Any CPU
		{498170D5-C99B-48BF-B110-3F540A78D6B0}.Release|Any CPU.ActiveCfg = Release|Any CPU
		{498170D5-C99B-48BF-B110-3F540A78D6B0}.Release|Any CPU.Build.0 = Release|Any CPU
	EndGlobalSection
	GlobalSection(SolutionProperties) = preSolution
		HideSolutionNode = FALSE
	EndGlobalSection
	GlobalSection(ExtensibilityGlobals) = postSolution
		SolutionGuid = {926C33CD-C876-49DB-99F3-6A9D2019CF30}
	EndGlobalSection
EndGlobal
